{
  "version": 4,
  "terraform_version": "1.11.1",
  "serial": 34,
  "lineage": "677ea317-9514-a661-10f9-3f086ddbc362",
  "outputs": {
    "connection_info": {
      "value": {
        "ipv4": "168.235.104.8",
        "ipv6": "[2604:180:f4::4e]",
        "password": "GPrMIafazwwb",
        "username": "root"
      },
      "type": [
        "object",
        {
          "ipv4": "string",
          "ipv6": "string",
          "password": "string",
          "username": "string"
        }
      ],
      "sensitive": true
    },
    "instance_id": {
      "value": "1c8f0c89-7bce-4299-8dfd-0c035c405149",
      "type": "string"
    },
    "instance_ipv4": {
      "value": "168.235.104.8",
      "type": "string"
    },
    "instance_ipv6": {
      "value": "[2604:180:f4::4e]",
      "type": "string"
    },
    "instance_name": {
      "value": "openstack-instance",
      "type": "string"
    },
    "instance_password": {
      "value": "GPrMIafazwwb",
      "type": "string",
      "sensitive": true
    },
    "instance_status": {
      "value": "active",
      "type": "string"
    },
    "instance_username": {
      "value": "root",
      "type": "string"
    }
  },
  "resources": [
    {
      "mode": "managed",
      "type": "openstack_compute_instance_v2",
      "name": "instance",
      "provider": "provider[\"registry.terraform.io/terraform-provider-openstack/openstack\"]",
      "instances": [
        {
          "schema_version": 0,
          "attributes": {
            "access_ip_v4": "168.235.104.8",
            "access_ip_v6": "[2604:180:f4::4e]",
            "admin_pass": "GPrMIafazwwb",
            "all_metadata": {},
            "all_tags": [],
            "availability_zone": "nova",
            "availability_zone_hints": null,
            "block_device": [],
            "config_drive": null,
            "created": "2025-03-18 08:25:47 +0000 UTC",
            "flavor_id": "0bf3ee53-4f19-4a44-84a2-556dcf549362",
            "flavor_name": "1GB SKVM",
            "force_delete": false,
            "id": "1c8f0c89-7bce-4299-8dfd-0c035c405149",
            "image_id": "c240700e-311a-46a1-9362-87191e709334",
            "image_name": "Ubuntu 24.04 Server Cloud",
            "key_pair": "",
            "metadata": null,
            "name": "openstack-instance",
            "network": [
              {
                "access_network": false,
                "fixed_ip_v4": "168.235.104.8",
                "fixed_ip_v6": "[2604:180:f4::4e]",
                "mac": "fa:16:3e:16:40:7b",
                "name": "Public",
                "port": "",
                "uuid": "6342c387-8d4a-414e-9c9a-84a35675a677"
              }
            ],
            "network_mode": null,
            "personality": [],
            "power_state": "active",
            "region": "LA",
            "scheduler_hints": [],
            "security_groups": [
              "all"
            ],
            "stop_before_destroy": false,
            "tags": [],
            "timeouts": null,
            "updated": "2025-03-18 08:53:20 +0000 UTC",
            "user_data": null,
            "vendor_options": []
          },
          "sensitive_attributes": [
            [
              {
                "type": "get_attr",
                "value": "admin_pass"
              }
            ]
          ],
          "private": "eyJlMmJmYjczMC1lY2FhLTExZTYtOGY4OC0zNDM2M2JjN2M0YzAiOnsiY3JlYXRlIjoxODAwMDAwMDAwMDAwLCJkZWxldGUiOjE4MDAwMDAwMDAwMDAsInVwZGF0ZSI6MTgwMDAwMDAwMDAwMH19",
          "dependencies": [
            "random_string.password0"
          ]
        }
      ]
    },
    {
      "mode": "managed",
      "type": "random_string",
      "name": "password0",
      "provider": "provider[\"registry.terraform.io/hashicorp/random\"]",
      "instances": [
        {
          "schema_version": 2,
          "attributes": {
            "id": "GPrMIafazwwb",
            "keepers": null,
            "length": 12,
            "lower": true,
            "min_lower": 0,
            "min_numeric": 0,
            "min_special": 0,
            "min_upper": 0,
            "number": true,
            "numeric": true,
            "override_special": null,
            "result": "GPrMIafazwwb",
            "special": false,
            "upper": true
          },
          "sensitive_attributes": []
        }
      ]
    }
  ],
  "check_results": null
}
